
Microsoft Visual Studio Solution File, Format Version 12.00
# Visual Studio 14
VisualStudioVersion = 14.0.24720.0
MinimumVisualStudioVersion = 10.0.40219.1
Project("{FAE04EC0-301F-11D3-BF4B-00C04F79EFBC}") = "HackPSU-2016.WebSite", "HackPSU-2016\HackPSU-2016.WebSite.csproj", "{1353AFE1-EE9D-44EC-9E85-925ADCFF811C}"
EndProject
Project("{FAE04EC0-301F-11D3-BF4B-00C04F79EFBC}") = "HackPSU-2016.Models", "HackPSU-2016.Models\HackPSU-2016.Models.csproj", "{FE519147-DD1D-434E-98E2-5A8579D4B2FD}"
EndProject
Project("{FAE04EC0-301F-11D3-BF4B-00C04F79EFBC}") = "HackPSU-2016.Inserter", "HackPSU-2016.Inserter\HackPSU-2016.Inserter.csproj", "{26C79593-766C-4567-AB30-692BFDF2A18E}"
EndProject
Project("{FAE04EC0-301F-11D3-BF4B-00C04F79EFBC}") = "HackPSU-2016.MatchFinder", "HackPSU-2016.MatchFinder\HackPSU-2016.MatchFinder.csproj", "{E5E35646-9A38-4078-8394-5A1FAFF308AB}"
EndProject
Global
	GlobalSection(SolutionConfigurationPlatforms) = preSolution
		Debug|Any CPU = Debug|Any CPU
		Release|Any CPU = Release|Any CPU
	EndGlobalSection
	GlobalSection(ProjectConfigurationPlatforms) = postSolution
		{1353AFE1-EE9D-44EC-9E85-925ADCFF811C}.Debug|Any CPU.ActiveCfg = Debug|Any CPU
		{1353AFE1-EE9D-44EC-9E85-925ADCFF811C}.Debug|Any CPU.Build.0 = Debug|Any CPU
		{1353AFE1-EE9D-44EC-9E85-925ADCFF811C}.Release|Any CPU.ActiveCfg = Release|Any CPU
		{1353AFE1-EE9D-44EC-9E85-925ADCFF811C}.Release|Any CPU.Build.0 = Release|Any CPU
		{FE519147-DD1D-434E-98E2-5A8579D4B2FD}.Debug|Any CPU.ActiveCfg = Debug|Any CPU
		{FE519147-DD1D-434E-98E2-5A8579D4B2FD}.Debug|Any CPU.Build.0 = Debug|Any CPU
		{FE519147-DD1D-434E-98E2-5A8579D4B2FD}.Release|Any CPU.ActiveCfg = Release|Any CPU
		{FE519147-DD1D-434E-98E2-5A8579D4B2FD}.Release|Any CPU.Build.0 = Release|Any CPU
		{26C79593-766C-4567-AB30-692BFDF2A18E}.Debug|Any CPU.ActiveCfg = Debug|Any CPU
		{26C79593-766C-4567-AB30-692BFDF2A18E}.Debug|Any CPU.Build.0 = Debug|Any CPU
		{26C79593-766C-4567-AB30-692BFDF2A18E}.Release|Any CPU.ActiveCfg = Release|Any CPU
		{26C79593-766C-4567-AB30-692BFDF2A18E}.Release|Any CPU.Build.0 = Release|Any CPU
		{E5E35646-9A38-4078-8394-5A1FAFF308AB}.Debug|Any CPU.ActiveCfg = Debug|Any CPU
		{E5E35646-9A38-4078-8394-5A1FAFF308AB}.Debug|Any CPU.Build.0 = Debug|Any CPU
		{E5E35646-9A38-4078-8394-5A1FAFF308AB}.Release|Any CPU.ActiveCfg = Release|Any CPU
		{E5E35646-9A38-4078-8394-5A1FAFF308AB}.Release|Any CPU.Build.0 = Release|Any CPU
	EndGlobalSection
	GlobalSection(SolutionProperties) = preSolution
		HideSolutionNode = FALSE
	EndGlobalSection
EndGlobal
